// !$*UTF8*$!
{
	archiveVersion = 1;
	classes = {
	};
	objectVersion = 46;
	objects = {

/* Begin PBXBuildFile section */
		BD2030E019552AC7000A47E1 /* RELATIONS_FINAL_C__.1 in CopyFiles */ = {isa = PBXBuildFile; fileRef = BD2030DF19552AC7000A47E1 /* RELATIONS_FINAL_C__.1 */; };
		BD2030E719552AF9000A47E1 /* OpenGL.framework in Frameworks */ = {isa = PBXBuildFile; fileRef = BD2030E619552AF9000A47E1 /* OpenGL.framework */; };
		BD3CC7051967D10100AF3E4E /* main.cpp in Sources */ = {isa = PBXBuildFile; fileRef = BD3CC7041967D10100AF3E4E /* main.cpp */; };
		BD6BD285196BB3170071A3DF /* lodepng.cpp in Sources */ = {isa = PBXBuildFile; fileRef = BD6BD284196BB3170071A3DF /* lodepng.cpp */; };
		BDF1314B1967D15200524925 /* Cocoa.framework in Frameworks */ = {isa = PBXBuildFile; fileRef = BDF1314A1967D15200524925 /* Cocoa.framework */; };
/* End PBXBuildFile section */

/* Begin PBXCopyFilesBuildPhase section */
		BD2030D819552AC7000A47E1 /* CopyFiles */ = {
			isa = PBXCopyFilesBuildPhase;
			buildActionMask = 2147483647;
			dstPath = /usr/share/man/man1/;
			dstSubfolderSpec = 0;
			files = (
				BD2030E019552AC7000A47E1 /* RELATIONS_FINAL_C__.1 in CopyFiles */,
			);
			runOnlyForDeploymentPostprocessing = 1;
		};
/* End PBXCopyFilesBuildPhase section */

/* Begin PBXFileReference section */
		BD2030DA19552AC7000A47E1 /* RELATIONS_FINAL C++ */ = {isa = PBXFileReference; explicitFileType = "compiled.mach-o.executable"; includeInIndex = 0; path = "RELATIONS_FINAL C++"; sourceTree = BUILT_PRODUCTS_DIR; };
		BD2030DF19552AC7000A47E1 /* RELATIONS_FINAL_C__.1 */ = {isa = PBXFileReference; lastKnownFileType = text.man; path = RELATIONS_FINAL_C__.1; sourceTree = "<group>"; };
		BD2030E619552AF9000A47E1 /* OpenGL.framework */ = {isa = PBXFileReference; lastKnownFileType = wrapper.framework; name = OpenGL.framework; path = System/Library/Frameworks/OpenGL.framework; sourceTree = SDKROOT; };
		BD3CC7021967D10100AF3E4E /* relationshipDB.h */ = {isa = PBXFileReference; fileEncoding = 4; lastKnownFileType = sourcecode.c.h; path = relationshipDB.h; sourceTree = "<group>"; };
		BD3CC7031967D10100AF3E4E /* positions.h */ = {isa = PBXFileReference; fileEncoding = 4; lastKnownFileType = sourcecode.c.h; path = positions.h; sourceTree = "<group>"; };
		BD3CC7041967D10100AF3E4E /* main.cpp */ = {isa = PBXFileReference; fileEncoding = 4; lastKnownFileType = sourcecode.cpp.cpp; path = main.cpp; sourceTree = "<group>"; };
		BD601C7E196AE6A50050BBC8 /* main2 */ = {isa = PBXFileReference; lastKnownFileType = text; path = main2; sourceTree = "<group>"; };
		BD6BD283196BB3170071A3DF /* lodepng.h */ = {isa = PBXFileReference; fileEncoding = 4; lastKnownFileType = sourcecode.c.h; path = lodepng.h; sourceTree = "<group>"; };
		BD6BD284196BB3170071A3DF /* lodepng.cpp */ = {isa = PBXFileReference; fileEncoding = 4; lastKnownFileType = sourcecode.cpp.cpp; path = lodepng.cpp; sourceTree = "<group>"; };
		BDF1314A1967D15200524925 /* Cocoa.framework */ = {isa = PBXFileReference; lastKnownFileType = wrapper.framework; name = Cocoa.framework; path = System/Library/Frameworks/Cocoa.framework; sourceTree = SDKROOT; };
/* End PBXFileReference section */

/* Begin PBXFrameworksBuildPhase section */
		BD2030D719552AC7000A47E1 /* Frameworks */ = {
			isa = PBXFrameworksBuildPhase;
			buildActionMask = 2147483647;
			files = (
				BDF1314B1967D15200524925 /* Cocoa.framework in Frameworks */,
				BD2030E719552AF9000A47E1 /* OpenGL.framework in Frameworks */,
			);
			runOnlyForDeploymentPostprocessing = 0;
		};
/* End PBXFrameworksBuildPhase section */

/* Begin PBXGroup section */
		BD2030D119552AC7000A47E1 = {
			isa = PBXGroup;
			children = (
				BDF1314A1967D15200524925 /* Cocoa.framework */,
				BD2030E619552AF9000A47E1 /* OpenGL.framework */,
				BD2030DC19552AC7000A47E1 /* RELATIONS_FINAL C++ */,
				BD2030DB19552AC7000A47E1 /* Products */,
			);
			sourceTree = "<group>";
		};
		BD2030DB19552AC7000A47E1 /* Products */ = {
			isa = PBXGroup;
			children = (
				BD2030DA19552AC7000A47E1 /* RELATIONS_FINAL C++ */,
			);
			name = Products;
			sourceTree = "<group>";
		};
		BD2030DC19552AC7000A47E1 /* RELATIONS_FINAL C++ */ = {
			isa = PBXGroup;
			children = (
				BD6BD283196BB3170071A3DF /* lodepng.h */,
				BD6BD284196BB3170071A3DF /* lodepng.cpp */,
				BD3CC7021967D10100AF3E4E /* relationshipDB.h */,
				BD3CC7031967D10100AF3E4E /* positions.h */,
				BD3CC7041967D10100AF3E4E /* main.cpp */,
				BD601C7E196AE6A50050BBC8 /* main2 */,
				BD2030DF19552AC7000A47E1 /* RELATIONS_FINAL_C__.1 */,
			);
			path = "RELATIONS_FINAL C++";
			sourceTree = "<group>";
		};
/* End PBXGroup section */

/* Begin PBXNativeTarget section */
		BD2030D919552AC7000A47E1 /* RELATIONS_FINAL C++ */ = {
			isa = PBXNativeTarget;
			buildConfigurationList = BD2030E319552AC7000A47E1 /* Build configuration list for PBXNativeTarget "RELATIONS_FINAL C++" */;
			buildPhases = (
				BD2030D619552AC7000A47E1 /* Sources */,
				BD2030D719552AC7000A47E1 /* Frameworks */,
				BD2030D819552AC7000A47E1 /* CopyFiles */,
			);
			buildRules = (
			);
			dependencies = (
			);
			name = "RELATIONS_FINAL C++";
			productName = "RELATIONS_FINAL C++";
			productReference = BD2030DA19552AC7000A47E1 /* RELATIONS_FINAL C++ */;
			productType = "com.apple.product-type.tool";
		};
/* End PBXNativeTarget section */

/* Begin PBXProject section */
		BD2030D219552AC7000A47E1 /* Project object */ = {
			isa = PBXProject;
			attributes = {
				LastUpgradeCheck = 0510;
				ORGANIZATIONNAME = "Alex Chen";
			};
			buildConfigurationList = BD2030D519552AC7000A47E1 /* Build configuration list for PBXProject "RELATIONS_FINAL C++" */;
			compatibilityVersion = "Xcode 3.2";
			developmentRegion = English;
			hasScannedForEncodings = 0;
			knownRegions = (
				en,
			);
			mainGroup = BD2030D119552AC7000A47E1;
			productRefGroup = BD2030DB19552AC7000A47E1 /* Products */;
			projectDirPath = "";
			projectRoot = "";
			targets = (
				BD2030D919552AC7000A47E1 /* RELATIONS_FINAL C++ */,
			);
		};
/* End PBXProject section */

/* Begin PBXSourcesBuildPhase section */
		BD2030D619552AC7000A47E1 /* Sources */ = {
			isa = PBXSourcesBuildPhase;
			buildActionMask = 2147483647;
			files = (
				BD3CC7051967D10100AF3E4E /* main.cpp in Sources */,
				BD6BD285196BB3170071A3DF /* lodepng.cpp in Sources */,
			);
			runOnlyForDeploymentPostprocessing = 0;
		};
/* End PBXSourcesBuildPhase section */

/* Begin XCBuildConfiguration section */
		BD2030E119552AC7000A47E1 /* Debug */ = {
			isa = XCBuildConfiguration;
			buildSettings = {
				ALWAYS_SEARCH_USER_PATHS = NO;
				CLANG_CXX_LANGUAGE_STANDARD = "gnu++0x";
				CLANG_CXX_LIBRARY = "libc++";
				CLANG_ENABLE_MODULES = YES;
				CLANG_ENABLE_OBJC_ARC = YES;
				CLANG_WARN_BOOL_CONVERSION = YES;
				CLANG_WARN_CONSTANT_CONVERSION = YES;
				CLANG_WARN_DIRECT_OBJC_ISA_USAGE = YES_ERROR;
				CLANG_WARN_EMPTY_BODY = YES;
				CLANG_WARN_ENUM_CONVERSION = YES;
				CLANG_WARN_INT_CONVERSION = YES;
				CLANG_WARN_OBJC_ROOT_CLASS = YES_ERROR;
				CLANG_WARN__DUPLICATE_METHOD_MATCH = YES;
				COPY_PHASE_STRIP = NO;
				GCC_C_LANGUAGE_STANDARD = gnu99;
				GCC_DYNAMIC_NO_PIC = NO;
				GCC_ENABLE_OBJC_EXCEPTIONS = YES;
				GCC_OPTIMIZATION_LEVEL = 0;
				GCC_PREPROCESSOR_DEFINITIONS = (
					"DEBUG=1",
					"$(inherited)",
				);
				GCC_SYMBOLS_PRIVATE_EXTERN = NO;
				GCC_WARN_64_TO_32_BIT_CONVERSION = YES;
				GCC_WARN_ABOUT_RETURN_TYPE = YES_ERROR;
				GCC_WARN_UNDECLARED_SELECTOR = YES;
				GCC_WARN_UNINITIALIZED_AUTOS = YES_AGGRESSIVE;
				GCC_WARN_UNUSED_FUNCTION = YES;
				GCC_WARN_UNUSED_VARIABLE = YES;
				MACOSX_DEPLOYMENT_TARGET = 10.8;
				ONLY_ACTIVE_ARCH = YES;
				SDKROOT = macosx10.8;
			};
			name = Debug;
		};
		BD2030E219552AC7000A47E1 /* Release */ = {
			isa = XCBuildConfiguration;
			buildSettings = {
				ALWAYS_SEARCH_USER_PATHS = NO;
				CLANG_CXX_LANGUAGE_STANDARD = "gnu++0x";
				CLANG_CXX_LIBRARY = "libc++";
				CLANG_ENABLE_MODULES = YES;
				CLANG_ENABLE_OBJC_ARC = YES;
				CLANG_WARN_BOOL_CONVERSION = YES;
				CLANG_WARN_CONSTANT_CONVERSION = YES;
				CLANG_WARN_DIRECT_OBJC_ISA_USAGE = YES_ERROR;
				CLANG_WARN_EMPTY_BODY = YES;
				CLANG_WARN_ENUM_CONVERSION = YES;
				CLANG_WARN_INT_CONVERSION = YES;
				CLANG_WARN_OBJC_ROOT_CLASS = YES_ERROR;
				CLANG_WARN__DUPLICATE_METHOD_MATCH = YES;
				COPY_PHASE_STRIP = YES;
				DEBUG_INFORMATION_FORMAT = "dwarf-with-dsym";
				ENABLE_NS_ASSERTIONS = NO;
				GCC_C_LANGUAGE_STANDARD = gnu99;
				GCC_ENABLE_OBJC_EXCEPTIONS = YES;
				GCC_WARN_64_TO_32_BIT_CONVERSION = YES;
				GCC_WARN_ABOUT_RETURN_TYPE = YES_ERROR;
				GCC_WARN_UNDECLARED_SELECTOR = YES;
				GCC_WARN_UNINITIALIZED_AUTOS = YES_AGGRESSIVE;
				GCC_WARN_UNUSED_FUNCTION = YES;
				GCC_WARN_UNUSED_VARIABLE = YES;
				MACOSX_DEPLOYMENT_TARGET = 10.8;
				SDKROOT = macosx10.8;
			};
			name = Release;
		};
		BD2030E419552AC7000A47E1 /* Debug */ = {
			isa = XCBuildConfiguration;
			buildSettings = {
				FRAMEWORK_SEARCH_PATHS = (
					"$(inherited)",
					"$(LOCAL_LIBRARY_DIR)/Frameworks",
				);
				PRODUCT_NAME = "$(TARGET_NAME)";
			};
			name = Debug;
		};
		BD2030E519552AC7000A47E1 /* Release */ = {
			isa = XCBuildConfiguration;
			buildSettings = {
				FRAMEWORK_SEARCH_PATHS = (
					"$(inherited)",
					"$(LOCAL_LIBRARY_DIR)/Frameworks",
				);
				PRODUCT_NAME = "$(TARGET_NAME)";
			};
			name = Release;
		};
/* End XCBuildConfiguration section */

/* Begin XCConfigurationList section */
		BD2030D519552AC7000A47E1 /* Build configuration list for PBXProject "RELATIONS_FINAL C++" */ = {
			isa = XCConfigurationList;
			buildConfigurations = (
				BD2030E119552AC7000A47E1 /* Debug */,
				BD2030E219552AC7000A47E1 /* Release */,
			);
			defaultConfigurationIsVisible = 0;
			defaultConfigurationName = Release;
		};
		BD2030E319552AC7000A47E1 /* Build configuration list for PBXNativeTarget "RELATIONS_FINAL C++" */ = {
			isa = XCConfigurationList;
			buildConfigurations = (
				BD2030E419552AC7000A47E1 /* Debug */,
				BD2030E519552AC7000A47E1 /* Release */,
			);
			defaultConfigurationIsVisible = 0;
			defaultConfigurationName = Release;
		};
/* End XCConfigurationList section */
	};
	rootObject = BD2030D219552AC7000A47E1 /* Project object */;
}
